PODS:
  - Alamofire (4.8.2)
  - Kingfisher (5.0.1)

DEPENDENCIES:
  - Alamofire (~> 4.8.2)
  - Kingfisher (~> 5.0.0)

SPEC REPOS:
  trunk:
    - Alamofire
    - Kingfisher

SPEC CHECKSUMS:
  Alamofire: ae5c501addb7afdbb13687d7f2f722c78734c2d3
  Kingfisher: 4f771421b9208185217550528a06fd48756cb7c2

PODFILE CHECKSUM: 981bfeea1b2f0f0ff53f2e488ed05c621db066e4

COCOAPODS: 1.9.3
